
Microsoft Visual Studio Solution File, Format Version 12.00
# Visual Studio Version 18
VisualStudioVersion = 18.3.11319.144
MinimumVisualStudioVersion = 10.0.40219.1
Project("{9A19103F-16F7-4668-BE54-9A1E7A4F7556}") = "DotNet6502", "src\DotNet6502\DotNet6502.csproj", "{F0A937FD-6AC1-4235-A5BC-E94BDFCFD3C8}"
EndProject
Project("{9A19103F-16F7-4668-BE54-9A1E7A4F7556}") = "DotNet6502.Tests", "src\DotNet6502.Tests\DotNet6502.Tests.csproj", "{3BFA2292-85CA-4D22-B0C2-F9A7F497DC84}"
EndProject
Project("{9A19103F-16F7-4668-BE54-9A1E7A4F7556}") = "DotNet6502.Templates", "src\DotNet6502.Templates\DotNet6502.Templates.csproj", "{56F0AE62-836B-4767-8267-AA2352DD539F}"
EndProject
Project("{2150E333-8FDC-42A3-9474-1A3956D46DE8}") = "Solution Items", "Solution Items", "{517CC69D-CD5D-4753-A23D-7B26861D044E}"
	ProjectSection(SolutionItems) = preProject
		.editorconfig = .editorconfig
		Directory.Build.props = Directory.Build.props
		global.json = global.json
	EndProjectSection
EndProject
Project("{FAE04EC0-301F-11D3-BF4B-00C04F79EFBC}") = "DotNet6502.Compiler", "src\DotNet6502.Compiler\DotNet6502.Compiler.csproj", "{2AD5123D-199E-4F54-A5D9-D7E4430D84B5}"
EndProject
Project("{FAE04EC0-301F-11D3-BF4B-00C04F79EFBC}") = "DotNet6502.BuildTasks", "src\DotNet6502.BuildTasks\DotNet6502.BuildTasks.csproj", "{CC835A9E-61E3-7642-8400-A6305B7BED83}"
EndProject
Project("{FAE04EC0-301F-11D3-BF4B-00C04F79EFBC}") = "DotNetC64.Vice", "src\DotNet6502.Vice\DotNetC64.Vice.csproj", "{C0BD212E-EEBB-EFE6-5BB0-DCE03D645461}"
EndProject
Project("{2150E333-8FDC-42A3-9474-1A3956D46DE8}") = "assets", "assets", "{18E1116A-B4B7-4EE5-B929-2086B1F979E6}"
	ProjectSection(SolutionItems) = preProject
		assets\LICENSE = assets\LICENSE
		assets\README.md = assets\README.md
	EndProjectSection
EndProject
Project("{2150E333-8FDC-42A3-9474-1A3956D46DE8}") = "pics", "pics", "{9C144AE8-69BF-46A5-AC38-3A4ABB4E0DF6}"
	ProjectSection(SolutionItems) = preProject
		assets\pics\vs-template.png = assets\pics\vs-template.png
		assets\pics\vscode.gif = assets\pics\vscode.gif
	EndProjectSection
EndProject
Global
	GlobalSection(SolutionConfigurationPlatforms) = preSolution
		Debug|Any CPU = Debug|Any CPU
		Release|Any CPU = Release|Any CPU
	EndGlobalSection
	GlobalSection(ProjectConfigurationPlatforms) = postSolution
		{F0A937FD-6AC1-4235-A5BC-E94BDFCFD3C8}.Debug|Any CPU.ActiveCfg = Debug|Any CPU
		{F0A937FD-6AC1-4235-A5BC-E94BDFCFD3C8}.Debug|Any CPU.Build.0 = Debug|Any CPU
		{F0A937FD-6AC1-4235-A5BC-E94BDFCFD3C8}.Release|Any CPU.ActiveCfg = Release|Any CPU
		{F0A937FD-6AC1-4235-A5BC-E94BDFCFD3C8}.Release|Any CPU.Build.0 = Release|Any CPU
		{3BFA2292-85CA-4D22-B0C2-F9A7F497DC84}.Debug|Any CPU.ActiveCfg = Debug|Any CPU
		{3BFA2292-85CA-4D22-B0C2-F9A7F497DC84}.Debug|Any CPU.Build.0 = Debug|Any CPU
		{3BFA2292-85CA-4D22-B0C2-F9A7F497DC84}.Release|Any CPU.ActiveCfg = Release|Any CPU
		{3BFA2292-85CA-4D22-B0C2-F9A7F497DC84}.Release|Any CPU.Build.0 = Release|Any CPU
		{56F0AE62-836B-4767-8267-AA2352DD539F}.Debug|Any CPU.ActiveCfg = Debug|Any CPU
		{56F0AE62-836B-4767-8267-AA2352DD539F}.Debug|Any CPU.Build.0 = Debug|Any CPU
		{56F0AE62-836B-4767-8267-AA2352DD539F}.Release|Any CPU.ActiveCfg = Release|Any CPU
		{56F0AE62-836B-4767-8267-AA2352DD539F}.Release|Any CPU.Build.0 = Release|Any CPU
		{2AD5123D-199E-4F54-A5D9-D7E4430D84B5}.Debug|Any CPU.ActiveCfg = Debug|Any CPU
		{2AD5123D-199E-4F54-A5D9-D7E4430D84B5}.Debug|Any CPU.Build.0 = Debug|Any CPU
		{2AD5123D-199E-4F54-A5D9-D7E4430D84B5}.Release|Any CPU.ActiveCfg = Release|Any CPU
		{2AD5123D-199E-4F54-A5D9-D7E4430D84B5}.Release|Any CPU.Build.0 = Release|Any CPU
		{CC835A9E-61E3-7642-8400-A6305B7BED83}.Debug|Any CPU.ActiveCfg = Debug|Any CPU
		{CC835A9E-61E3-7642-8400-A6305B7BED83}.Debug|Any CPU.Build.0 = Debug|Any CPU
		{CC835A9E-61E3-7642-8400-A6305B7BED83}.Release|Any CPU.ActiveCfg = Release|Any CPU
		{CC835A9E-61E3-7642-8400-A6305B7BED83}.Release|Any CPU.Build.0 = Release|Any CPU
		{C0BD212E-EEBB-EFE6-5BB0-DCE03D645461}.Debug|Any CPU.ActiveCfg = Debug|Any CPU
		{C0BD212E-EEBB-EFE6-5BB0-DCE03D645461}.Debug|Any CPU.Build.0 = Debug|Any CPU
		{C0BD212E-EEBB-EFE6-5BB0-DCE03D645461}.Release|Any CPU.ActiveCfg = Release|Any CPU
		{C0BD212E-EEBB-EFE6-5BB0-DCE03D645461}.Release|Any CPU.Build.0 = Release|Any CPU
	EndGlobalSection
	GlobalSection(SolutionProperties) = preSolution
		HideSolutionNode = FALSE
	EndGlobalSection
	GlobalSection(NestedProjects) = preSolution
		{18E1116A-B4B7-4EE5-B929-2086B1F979E6} = {517CC69D-CD5D-4753-A23D-7B26861D044E}
		{9C144AE8-69BF-46A5-AC38-3A4ABB4E0DF6} = {18E1116A-B4B7-4EE5-B929-2086B1F979E6}
	EndGlobalSection
	GlobalSection(ExtensibilityGlobals) = postSolution
		SolutionGuid = {CA01290E-68A6-43F3-A663-82F853D63D16}
	EndGlobalSection
EndGlobal
